
Microsoft Visual Studio Solution File, Format Version 12.00
# Visual Studio Version 17
VisualStudioVersion = 17.4.33213.308
MinimumVisualStudioVersion = 10.0.40219.1
Project("{FAE04EC0-301F-11D3-BF4B-00C04F79EFBC}") = "TolkenParser", "TolkenParser\TolkenParser.csproj", "{4BE3C116-6311-4392-84B7-3DF7CFB3B2BC}"
EndProject
Global
	GlobalSection(SolutionConfigurationPlatforms) = preSolution
		Debug|Any CPU = Debug|Any CPU
		Release|Any CPU = Release|Any CPU
	EndGlobalSection
	GlobalSection(ProjectConfigurationPlatforms) = postSolution
		{4BE3C116-6311-4392-84B7-3DF7CFB3B2BC}.Debug|Any CPU.ActiveCfg = Debug|Any CPU
		{4BE3C116-6311-4392-84B7-3DF7CFB3B2BC}.Debug|Any CPU.Build.0 = Debug|Any CPU
		{4BE3C116-6311-4392-84B7-3DF7CFB3B2BC}.Release|Any CPU.ActiveCfg = Release|Any CPU
		{4BE3C116-6311-4392-84B7-3DF7CFB3B2BC}.Release|Any CPU.Build.0 = Release|Any CPU
	EndGlobalSection
	GlobalSection(SolutionProperties) = preSolution
		HideSolutionNode = FALSE
	EndGlobalSection
	GlobalSection(ExtensibilityGlobals) = postSolution
		SolutionGuid = {4635ECA2-AC65-4E3A-8997-E63458ACAE0C}
	EndGlobalSection
EndGlobal
